// !$*UTF8*$!
{
	archiveVersion = 1;
	classes = {
	};
	objectVersion = 46;
	objects = {

/* Begin PBXBuildFile section */
		031E58371D22245900E748F6 /* F53OSCBundle.m in Sources */ = {isa = PBXBuildFile; fileRef = 031E58161D22245900E748F6 /* F53OSCBundle.m */; };
		031E58381D22245900E748F6 /* F53OSCClient.m in Sources */ = {isa = PBXBuildFile; fileRef = 031E58181D22245900E748F6 /* F53OSCClient.m */; };
		031E58391D22245900E748F6 /* F53OSCMessage.m in Sources */ = {isa = PBXBuildFile; fileRef = 031E581B1D22245900E748F6 /* F53OSCMessage.m */; };
		031E583A1D22245900E748F6 /* F53OSCPacket.m in Sources */ = {isa = PBXBuildFile; fileRef = 031E581D1D22245900E748F6 /* F53OSCPacket.m */; };
		031E583B1D22245900E748F6 /* F53OSCParser.m in Sources */ = {isa = PBXBuildFile; fileRef = 031E581F1D22245900E748F6 /* F53OSCParser.m */; };
		031E583C1D22245900E748F6 /* F53OSCServer.m in Sources */ = {isa = PBXBuildFile; fileRef = 031E58221D22245900E748F6 /* F53OSCServer.m */; };
		031E583D1D22245900E748F6 /* F53OSCSocket.m in Sources */ = {isa = PBXBuildFile; fileRef = 031E58241D22245900E748F6 /* F53OSCSocket.m */; };
		031E583E1D22245900E748F6 /* F53OSCTimeTag.m in Sources */ = {isa = PBXBuildFile; fileRef = 031E58261D22245900E748F6 /* F53OSCTimeTag.m */; };
		031E583F1D22245900E748F6 /* GCDAsyncSocket.m in Sources */ = {isa = PBXBuildFile; fileRef = 031E58281D22245900E748F6 /* GCDAsyncSocket.m */; };
		031E58401D22245900E748F6 /* GCDAsyncUdpSocket.m in Sources */ = {isa = PBXBuildFile; fileRef = 031E582A1D22245900E748F6 /* GCDAsyncUdpSocket.m */; };
		031E58411D22245900E748F6 /* LICENSE.txt in Resources */ = {isa = PBXBuildFile; fileRef = 031E582B1D22245900E748F6 /* LICENSE.txt */; };
		031E58421D22245900E748F6 /* MetatoneNetworkManager.m in Sources */ = {isa = PBXBuildFile; fileRef = 031E582D1D22245900E748F6 /* MetatoneNetworkManager.m */; };
		031E58431D22245900E748F6 /* NSData+F53OSCBlob.m in Sources */ = {isa = PBXBuildFile; fileRef = 031E582F1D22245900E748F6 /* NSData+F53OSCBlob.m */; };
		031E58441D22245900E748F6 /* NSDate+F53OSCTimeTag.m in Sources */ = {isa = PBXBuildFile; fileRef = 031E58311D22245900E748F6 /* NSDate+F53OSCTimeTag.m */; };
		031E58451D22245900E748F6 /* NSNumber+F53OSCNumber.m in Sources */ = {isa = PBXBuildFile; fileRef = 031E58331D22245900E748F6 /* NSNumber+F53OSCNumber.m */; };
		031E58461D22245A00E748F6 /* NSString+F53OSCString.m in Sources */ = {isa = PBXBuildFile; fileRef = 031E58351D22245900E748F6 /* NSString+F53OSCString.m */; };
		031E58471D22245A00E748F6 /* README.markdown in Sources */ = {isa = PBXBuildFile; fileRef = 031E58361D22245900E748F6 /* README.markdown */; };
		509584B79AA50FC0038D4E10 /* Pods_RedBallTrackingiOS.framework in Frameworks */ = {isa = PBXBuildFile; fileRef = 8D9D09530C3A236E24570EF7 /* Pods_RedBallTrackingiOS.framework */; };
		F70FEB4B1D14AEBB00F4A5EC /* AppDelegate.swift in Sources */ = {isa = PBXBuildFile; fileRef = F70FEB4A1D14AEBB00F4A5EC /* AppDelegate.swift */; };
		F70FEB4D1D14AEBB00F4A5EC /* ViewController.swift in Sources */ = {isa = PBXBuildFile; fileRef = F70FEB4C1D14AEBB00F4A5EC /* ViewController.swift */; };
		F70FEB501D14AEBB00F4A5EC /* Main.storyboard in Resources */ = {isa = PBXBuildFile; fileRef = F70FEB4E1D14AEBB00F4A5EC /* Main.storyboard */; };
		F70FEB521D14AEBB00F4A5EC /* Assets.xcassets in Resources */ = {isa = PBXBuildFile; fileRef = F70FEB511D14AEBB00F4A5EC /* Assets.xcassets */; };
		F70FEB551D14AEBB00F4A5EC /* LaunchScreen.storyboard in Resources */ = {isa = PBXBuildFile; fileRef = F70FEB531D14AEBB00F4A5EC /* LaunchScreen.storyboard */; };
		F7591BD71D196E9F0042F262 /* DesignableButton.swift in Sources */ = {isa = PBXBuildFile; fileRef = F7591BD61D196E9F0042F262 /* DesignableButton.swift */; };
		F77572081D14E71D001D0E21 /* VideoHandler.mm in Sources */ = {isa = PBXBuildFile; fileRef = F77572071D14E71D001D0E21 /* VideoHandler.mm */; };
		F775720A1D1506E7001D0E21 /* lena.jpg in Resources */ = {isa = PBXBuildFile; fileRef = F77572091D1506E7001D0E21 /* lena.jpg */; };
		F77DC0951D14D37C003CEBC7 /* coloredBalls.jpg in Resources */ = {isa = PBXBuildFile; fileRef = F77DC0941D14D37C003CEBC7 /* coloredBalls.jpg */; };
		F78AB2991D151D2500853C7A /* SettingsViewController.swift in Sources */ = {isa = PBXBuildFile; fileRef = F78AB2981D151D2500853C7A /* SettingsViewController.swift */; };
		F794D5381D19685D004B0CDE /* CommHandler.swift in Sources */ = {isa = PBXBuildFile; fileRef = F794D5371D19685D004B0CDE /* CommHandler.swift */; };
		F7DA3ADB1D14B18A002ED65D /* OpenCVWrapper.mm in Sources */ = {isa = PBXBuildFile; fileRef = F7DA3ADA1D14B18A002ED65D /* OpenCVWrapper.mm */; };
		F7DA3AE01D14B377002ED65D /* UIImage+OpenCV.mm in Sources */ = {isa = PBXBuildFile; fileRef = F7DA3ADF1D14B377002ED65D /* UIImage+OpenCV.mm */; };
/* End PBXBuildFile section */

/* Begin PBXFileReference section */
		031E58141D22245900E748F6 /* F53OSC.h */ = {isa = PBXFileReference; fileEncoding = 4; lastKnownFileType = sourcecode.c.h; path = F53OSC.h; sourceTree = "<group>"; };
		031E58151D22245900E748F6 /* F53OSCBundle.h */ = {isa = PBXFileReference; fileEncoding = 4; lastKnownFileType = sourcecode.c.h; path = F53OSCBundle.h; sourceTree = "<group>"; };
		031E58161D22245900E748F6 /* F53OSCBundle.m */ = {isa = PBXFileReference; fileEncoding = 4; lastKnownFileType = sourcecode.c.objc; path = F53OSCBundle.m; sourceTree = "<group>"; };
		031E58171D22245900E748F6 /* F53OSCClient.h */ = {isa = PBXFileReference; fileEncoding = 4; lastKnownFileType = sourcecode.c.h; path = F53OSCClient.h; sourceTree = "<group>"; };
		031E58181D22245900E748F6 /* F53OSCClient.m */ = {isa = PBXFileReference; fileEncoding = 4; lastKnownFileType = sourcecode.c.objc; path = F53OSCClient.m; sourceTree = "<group>"; };
		031E58191D22245900E748F6 /* F53OSCFoundationAdditions.h */ = {isa = PBXFileReference; fileEncoding = 4; lastKnownFileType = sourcecode.c.h; path = F53OSCFoundationAdditions.h; sourceTree = "<group>"; };
		031E581A1D22245900E748F6 /* F53OSCMessage.h */ = {isa = PBXFileReference; fileEncoding = 4; lastKnownFileType = sourcecode.c.h; path = F53OSCMessage.h; sourceTree = "<group>"; };
		031E581B1D22245900E748F6 /* F53OSCMessage.m */ = {isa = PBXFileReference; fileEncoding = 4; lastKnownFileType = sourcecode.c.objc; path = F53OSCMessage.m; sourceTree = "<group>"; };
		031E581C1D22245900E748F6 /* F53OSCPacket.h */ = {isa = PBXFileReference; fileEncoding = 4; lastKnownFileType = sourcecode.c.h; path = F53OSCPacket.h; sourceTree = "<group>"; };
		031E581D1D22245900E748F6 /* F53OSCPacket.m */ = {isa = PBXFileReference; fileEncoding = 4; lastKnownFileType = sourcecode.c.objc; path = F53OSCPacket.m; sourceTree = "<group>"; };
		031E581E1D22245900E748F6 /* F53OSCParser.h */ = {isa = PBXFileReference; fileEncoding = 4; lastKnownFileType = sourcecode.c.h; path = F53OSCParser.h; sourceTree = "<group>"; };
		031E581F1D22245900E748F6 /* F53OSCParser.m */ = {isa = PBXFileReference; fileEncoding = 4; lastKnownFileType = sourcecode.c.objc; path = F53OSCParser.m; sourceTree = "<group>"; };
		031E58201D22245900E748F6 /* F53OSCProtocols.h */ = {isa = PBXFileReference; fileEncoding = 4; lastKnownFileType = sourcecode.c.h; path = F53OSCProtocols.h; sourceTree = "<group>"; };
		031E58211D22245900E748F6 /* F53OSCServer.h */ = {isa = PBXFileReference; fileEncoding = 4; lastKnownFileType = sourcecode.c.h; path = F53OSCServer.h; sourceTree = "<group>"; };
		031E58221D22245900E748F6 /* F53OSCServer.m */ = {isa = PBXFileReference; fileEncoding = 4; lastKnownFileType = sourcecode.c.objc; path = F53OSCServer.m; sourceTree = "<group>"; };
		031E58231D22245900E748F6 /* F53OSCSocket.h */ = {isa = PBXFileReference; fileEncoding = 4; lastKnownFileType = sourcecode.c.h; path = F53OSCSocket.h; sourceTree = "<group>"; };
		031E58241D22245900E748F6 /* F53OSCSocket.m */ = {isa = PBXFileReference; fileEncoding = 4; lastKnownFileType = sourcecode.c.objc; path = F53OSCSocket.m; sourceTree = "<group>"; };
		031E58251D22245900E748F6 /* F53OSCTimeTag.h */ = {isa = PBXFileReference; fileEncoding = 4; lastKnownFileType = sourcecode.c.h; path = F53OSCTimeTag.h; sourceTree = "<group>"; };
		031E58261D22245900E748F6 /* F53OSCTimeTag.m */ = {isa = PBXFileReference; fileEncoding = 4; lastKnownFileType = sourcecode.c.objc; path = F53OSCTimeTag.m; sourceTree = "<group>"; };
		031E58271D22245900E748F6 /* GCDAsyncSocket.h */ = {isa = PBXFileReference; fileEncoding = 4; lastKnownFileType = sourcecode.c.h; path = GCDAsyncSocket.h; sourceTree = "<group>"; };
		031E58281D22245900E748F6 /* GCDAsyncSocket.m */ = {isa = PBXFileReference; fileEncoding = 4; lastKnownFileType = sourcecode.c.objc; path = GCDAsyncSocket.m; sourceTree = "<group>"; };
		031E58291D22245900E748F6 /* GCDAsyncUdpSocket.h */ = {isa = PBXFileReference; fileEncoding = 4; lastKnownFileType = sourcecode.c.h; path = GCDAsyncUdpSocket.h; sourceTree = "<group>"; };
		031E582A1D22245900E748F6 /* GCDAsyncUdpSocket.m */ = {isa = PBXFileReference; fileEncoding = 4; lastKnownFileType = sourcecode.c.objc; path = GCDAsyncUdpSocket.m; sourceTree = "<group>"; };
		031E582B1D22245900E748F6 /* LICENSE.txt */ = {isa = PBXFileReference; fileEncoding = 4; lastKnownFileType = text; path = LICENSE.txt; sourceTree = "<group>"; };
		031E582C1D22245900E748F6 /* MetatoneNetworkManager.h */ = {isa = PBXFileReference; fileEncoding = 4; lastKnownFileType = sourcecode.c.h; path = MetatoneNetworkManager.h; sourceTree = "<group>"; };
		031E582D1D22245900E748F6 /* MetatoneNetworkManager.m */ = {isa = PBXFileReference; fileEncoding = 4; lastKnownFileType = sourcecode.c.objc; path = MetatoneNetworkManager.m; sourceTree = "<group>"; };
		031E582E1D22245900E748F6 /* NSData+F53OSCBlob.h */ = {isa = PBXFileReference; fileEncoding = 4; lastKnownFileType = sourcecode.c.h; path = "NSData+F53OSCBlob.h"; sourceTree = "<group>"; };
		031E582F1D22245900E748F6 /* NSData+F53OSCBlob.m */ = {isa = PBXFileReference; fileEncoding = 4; lastKnownFileType = sourcecode.c.objc; path = "NSData+F53OSCBlob.m"; sourceTree = "<group>"; };
		031E58301D22245900E748F6 /* NSDate+F53OSCTimeTag.h */ = {isa = PBXFileReference; fileEncoding = 4; lastKnownFileType = sourcecode.c.h; path = "NSDate+F53OSCTimeTag.h"; sourceTree = "<group>"; };
		031E58311D22245900E748F6 /* NSDate+F53OSCTimeTag.m */ = {isa = PBXFileReference; fileEncoding = 4; lastKnownFileType = sourcecode.c.objc; path = "NSDate+F53OSCTimeTag.m"; sourceTree = "<group>"; };
		031E58321D22245900E748F6 /* NSNumber+F53OSCNumber.h */ = {isa = PBXFileReference; fileEncoding = 4; lastKnownFileType = sourcecode.c.h; path = "NSNumber+F53OSCNumber.h"; sourceTree = "<group>"; };
		031E58331D22245900E748F6 /* NSNumber+F53OSCNumber.m */ = {isa = PBXFileReference; fileEncoding = 4; lastKnownFileType = sourcecode.c.objc; path = "NSNumber+F53OSCNumber.m"; sourceTree = "<group>"; };
		031E58341D22245900E748F6 /* NSString+F53OSCString.h */ = {isa = PBXFileReference; fileEncoding = 4; lastKnownFileType = sourcecode.c.h; path = "NSString+F53OSCString.h"; sourceTree = "<group>"; };
		031E58351D22245900E748F6 /* NSString+F53OSCString.m */ = {isa = PBXFileReference; fileEncoding = 4; lastKnownFileType = sourcecode.c.objc; path = "NSString+F53OSCString.m"; sourceTree = "<group>"; };
		031E58361D22245900E748F6 /* README.markdown */ = {isa = PBXFileReference; fileEncoding = 4; lastKnownFileType = net.daringfireball.markdown; path = README.markdown; sourceTree = "<group>"; };
		69F9EDD1909DF6E0E453EA29 /* Pods.framework */ = {isa = PBXFileReference; explicitFileType = wrapper.framework; includeInIndex = 0; path = Pods.framework; sourceTree = BUILT_PRODUCTS_DIR; };
		8B431CD53324D468268DEFED /* Pods-RedBallTrackingiOS.debug.xcconfig */ = {isa = PBXFileReference; includeInIndex = 1; lastKnownFileType = text.xcconfig; name = "Pods-RedBallTrackingiOS.debug.xcconfig"; path = "Pods/Target Support Files/Pods-RedBallTrackingiOS/Pods-RedBallTrackingiOS.debug.xcconfig"; sourceTree = "<group>"; };
		8D9D09530C3A236E24570EF7 /* Pods_RedBallTrackingiOS.framework */ = {isa = PBXFileReference; explicitFileType = wrapper.framework; includeInIndex = 0; path = Pods_RedBallTrackingiOS.framework; sourceTree = BUILT_PRODUCTS_DIR; };
		BCA292DF1D28613FC5936D8C /* Pods-RedBallTrackingiOS.release.xcconfig */ = {isa = PBXFileReference; includeInIndex = 1; lastKnownFileType = text.xcconfig; name = "Pods-RedBallTrackingiOS.release.xcconfig"; path = "Pods/Target Support Files/Pods-RedBallTrackingiOS/Pods-RedBallTrackingiOS.release.xcconfig"; sourceTree = "<group>"; };
		F70FEB471D14AEBB00F4A5EC /* RedBallTrackingiOS.app */ = {isa = PBXFileReference; explicitFileType = wrapper.application; includeInIndex = 0; path = RedBallTrackingiOS.app; sourceTree = BUILT_PRODUCTS_DIR; };
		F70FEB4A1D14AEBB00F4A5EC /* AppDelegate.swift */ = {isa = PBXFileReference; lastKnownFileType = sourcecode.swift; path = AppDelegate.swift; sourceTree = "<group>"; };
		F70FEB4C1D14AEBB00F4A5EC /* ViewController.swift */ = {isa = PBXFileReference; lastKnownFileType = sourcecode.swift; path = ViewController.swift; sourceTree = "<group>"; };
		F70FEB4F1D14AEBB00F4A5EC /* Base */ = {isa = PBXFileReference; lastKnownFileType = file.storyboard; name = Base; path = Base.lproj/Main.storyboard; sourceTree = "<group>"; };
		F70FEB511D14AEBB00F4A5EC /* Assets.xcassets */ = {isa = PBXFileReference; lastKnownFileType = folder.assetcatalog; path = Assets.xcassets; sourceTree = "<group>"; };
		F70FEB541D14AEBB00F4A5EC /* Base */ = {isa = PBXFileReference; lastKnownFileType = file.storyboard; name = Base; path = Base.lproj/LaunchScreen.storyboard; sourceTree = "<group>"; };
		F70FEB561D14AEBB00F4A5EC /* Info.plist */ = {isa = PBXFileReference; lastKnownFileType = text.plist.xml; path = Info.plist; sourceTree = "<group>"; };
		F7591BD61D196E9F0042F262 /* DesignableButton.swift */ = {isa = PBXFileReference; fileEncoding = 4; lastKnownFileType = sourcecode.swift; path = DesignableButton.swift; sourceTree = "<group>"; };
		F77572061D14E70E001D0E21 /* VideoHandler.h */ = {isa = PBXFileReference; fileEncoding = 4; lastKnownFileType = sourcecode.c.h; path = VideoHandler.h; sourceTree = "<group>"; };
		F77572071D14E71D001D0E21 /* VideoHandler.mm */ = {isa = PBXFileReference; fileEncoding = 4; lastKnownFileType = sourcecode.cpp.objcpp; path = VideoHandler.mm; sourceTree = "<group>"; };
		F77572091D1506E7001D0E21 /* lena.jpg */ = {isa = PBXFileReference; lastKnownFileType = image.jpeg; path = lena.jpg; sourceTree = "<group>"; };
		F77DC0941D14D37C003CEBC7 /* coloredBalls.jpg */ = {isa = PBXFileReference; lastKnownFileType = image.jpeg; path = coloredBalls.jpg; sourceTree = "<group>"; };
		F78AB2981D151D2500853C7A /* SettingsViewController.swift */ = {isa = PBXFileReference; fileEncoding = 4; lastKnownFileType = sourcecode.swift; path = SettingsViewController.swift; sourceTree = "<group>"; };
		F794D5371D19685D004B0CDE /* CommHandler.swift */ = {isa = PBXFileReference; fileEncoding = 4; lastKnownFileType = sourcecode.swift; path = CommHandler.swift; sourceTree = "<group>"; };
		F7DA3AD81D14B18A002ED65D /* RedBallTrackingiOS-Bridging-Header.h */ = {isa = PBXFileReference; lastKnownFileType = sourcecode.c.h; path = "RedBallTrackingiOS-Bridging-Header.h"; sourceTree = "<group>"; };
		F7DA3ADA1D14B18A002ED65D /* OpenCVWrapper.mm */ = {isa = PBXFileReference; fileEncoding = 4; lastKnownFileType = sourcecode.cpp.objcpp; path = OpenCVWrapper.mm; sourceTree = "<group>"; };
		F7DA3ADD1D14B22D002ED65D /* OpenCVWrapper.h */ = {isa = PBXFileReference; fileEncoding = 4; lastKnownFileType = sourcecode.c.h; path = OpenCVWrapper.h; sourceTree = "<group>"; };
		F7DA3ADE1D14B34C002ED65D /* UIImage+OpenCV.h */ = {isa = PBXFileReference; fileEncoding = 4; lastKnownFileType = sourcecode.c.h; path = "UIImage+OpenCV.h"; sourceTree = "<group>"; };
		F7DA3ADF1D14B377002ED65D /* UIImage+OpenCV.mm */ = {isa = PBXFileReference; fileEncoding = 4; lastKnownFileType = sourcecode.cpp.objcpp; path = "UIImage+OpenCV.mm"; sourceTree = "<group>"; };
/* End PBXFileReference section */

/* Begin PBXFrameworksBuildPhase section */
		F70FEB441D14AEBB00F4A5EC /* Frameworks */ = {
			isa = PBXFrameworksBuildPhase;
			buildActionMask = 2147483647;
			files = (
				509584B79AA50FC0038D4E10 /* Pods_RedBallTrackingiOS.framework in Frameworks */,
			);
			runOnlyForDeploymentPostprocessing = 0;
		};
/* End PBXFrameworksBuildPhase section */

/* Begin PBXGroup section */
		031E58131D22245900E748F6 /* MetatoneOSC-master */ = {
			isa = PBXGroup;
			children = (
				031E58141D22245900E748F6 /* F53OSC.h */,
				031E58151D22245900E748F6 /* F53OSCBundle.h */,
				031E58161D22245900E748F6 /* F53OSCBundle.m */,
				031E58171D22245900E748F6 /* F53OSCClient.h */,
				031E58181D22245900E748F6 /* F53OSCClient.m */,
				031E58191D22245900E748F6 /* F53OSCFoundationAdditions.h */,
				031E581A1D22245900E748F6 /* F53OSCMessage.h */,
				031E581B1D22245900E748F6 /* F53OSCMessage.m */,
				031E581C1D22245900E748F6 /* F53OSCPacket.h */,
				031E581D1D22245900E748F6 /* F53OSCPacket.m */,
				031E581E1D22245900E748F6 /* F53OSCParser.h */,
				031E581F1D22245900E748F6 /* F53OSCParser.m */,
				031E58201D22245900E748F6 /* F53OSCProtocols.h */,
				031E58211D22245900E748F6 /* F53OSCServer.h */,
				031E58221D22245900E748F6 /* F53OSCServer.m */,
				031E58231D22245900E748F6 /* F53OSCSocket.h */,
				031E58241D22245900E748F6 /* F53OSCSocket.m */,
				031E58251D22245900E748F6 /* F53OSCTimeTag.h */,
				031E58261D22245900E748F6 /* F53OSCTimeTag.m */,
				031E58271D22245900E748F6 /* GCDAsyncSocket.h */,
				031E58281D22245900E748F6 /* GCDAsyncSocket.m */,
				031E58291D22245900E748F6 /* GCDAsyncUdpSocket.h */,
				031E582A1D22245900E748F6 /* GCDAsyncUdpSocket.m */,
				031E582B1D22245900E748F6 /* LICENSE.txt */,
				031E582C1D22245900E748F6 /* MetatoneNetworkManager.h */,
				031E582D1D22245900E748F6 /* MetatoneNetworkManager.m */,
				031E582E1D22245900E748F6 /* NSData+F53OSCBlob.h */,
				031E582F1D22245900E748F6 /* NSData+F53OSCBlob.m */,
				031E58301D22245900E748F6 /* NSDate+F53OSCTimeTag.h */,
				031E58311D22245900E748F6 /* NSDate+F53OSCTimeTag.m */,
				031E58321D22245900E748F6 /* NSNumber+F53OSCNumber.h */,
				031E58331D22245900E748F6 /* NSNumber+F53OSCNumber.m */,
				031E58341D22245900E748F6 /* NSString+F53OSCString.h */,
				031E58351D22245900E748F6 /* NSString+F53OSCString.m */,
				031E58361D22245900E748F6 /* README.markdown */,
			);
			path = "MetatoneOSC-master";
			sourceTree = "<group>";
		};
		59C0EC49AEFF044258147F29 /* Pods */ = {
			isa = PBXGroup;
			children = (
				8B431CD53324D468268DEFED /* Pods-RedBallTrackingiOS.debug.xcconfig */,
				BCA292DF1D28613FC5936D8C /* Pods-RedBallTrackingiOS.release.xcconfig */,
			);
			name = Pods;
			sourceTree = "<group>";
		};
		5C93B5A8D6734F50E1DCE2B5 /* Frameworks */ = {
			isa = PBXGroup;
			children = (
				69F9EDD1909DF6E0E453EA29 /* Pods.framework */,
				8D9D09530C3A236E24570EF7 /* Pods_RedBallTrackingiOS.framework */,
			);
			name = Frameworks;
			sourceTree = "<group>";
		};
		F70FEB3E1D14AEBB00F4A5EC = {
			isa = PBXGroup;
			children = (
				F77DC0941D14D37C003CEBC7 /* coloredBalls.jpg */,
				F77572091D1506E7001D0E21 /* lena.jpg */,
				F7DA3AE21D14B3EB002ED65D /* OpenCVWrappers */,
				F70FEB491D14AEBB00F4A5EC /* RedBallTrackingiOS */,
				F70FEB481D14AEBB00F4A5EC /* Products */,
				5C93B5A8D6734F50E1DCE2B5 /* Frameworks */,
				F7DA3AD81D14B18A002ED65D /* RedBallTrackingiOS-Bridging-Header.h */,
				031E58131D22245900E748F6 /* MetatoneOSC-master */,
				59C0EC49AEFF044258147F29 /* Pods */,
			);
			sourceTree = "<group>";
		};
		F70FEB481D14AEBB00F4A5EC /* Products */ = {
			isa = PBXGroup;
			children = (
				F70FEB471D14AEBB00F4A5EC /* RedBallTrackingiOS.app */,
			);
			name = Products;
			sourceTree = "<group>";
		};
		F70FEB491D14AEBB00F4A5EC /* RedBallTrackingiOS */ = {
			isa = PBXGroup;
			children = (
				F794D5371D19685D004B0CDE /* CommHandler.swift */,
				F70FEB4A1D14AEBB00F4A5EC /* AppDelegate.swift */,
				F70FEB4C1D14AEBB00F4A5EC /* ViewController.swift */,
				F78AB2981D151D2500853C7A /* SettingsViewController.swift */,
				F7591BD61D196E9F0042F262 /* DesignableButton.swift */,
				F70FEB4E1D14AEBB00F4A5EC /* Main.storyboard */,
				F70FEB511D14AEBB00F4A5EC /* Assets.xcassets */,
				F70FEB531D14AEBB00F4A5EC /* LaunchScreen.storyboard */,
				F70FEB561D14AEBB00F4A5EC /* Info.plist */,
			);
			path = RedBallTrackingiOS;
			sourceTree = "<group>";
		};
		F7DA3AE21D14B3EB002ED65D /* OpenCVWrappers */ = {
			isa = PBXGroup;
			children = (
				F7DA3ADD1D14B22D002ED65D /* OpenCVWrapper.h */,
				F7DA3ADA1D14B18A002ED65D /* OpenCVWrapper.mm */,
				F7DA3ADE1D14B34C002ED65D /* UIImage+OpenCV.h */,
				F7DA3ADF1D14B377002ED65D /* UIImage+OpenCV.mm */,
				F77572061D14E70E001D0E21 /* VideoHandler.h */,
				F77572071D14E71D001D0E21 /* VideoHandler.mm */,
			);
			name = OpenCVWrappers;
			sourceTree = "<group>";
		};
/* End PBXGroup section */

/* Begin PBXNativeTarget section */
		F70FEB461D14AEBB00F4A5EC /* RedBallTrackingiOS */ = {
			isa = PBXNativeTarget;
			buildConfigurationList = F70FEB641D14AEBB00F4A5EC /* Build configuration list for PBXNativeTarget "RedBallTrackingiOS" */;
			buildPhases = (
				D54A7DECFE327E600615F58F /* [CP] Check Pods Manifest.lock */,
				F70FEB431D14AEBB00F4A5EC /* Sources */,
				F70FEB441D14AEBB00F4A5EC /* Frameworks */,
				F70FEB451D14AEBB00F4A5EC /* Resources */,
				E611FE9AD4FB523C31684241 /* [CP] Embed Pods Frameworks */,
				8AFB6C6272D99AF6600C1DEC /* [CP] Copy Pods Resources */,
			);
			buildRules = (
			);
			dependencies = (
			);
			name = RedBallTrackingiOS;
			productName = RedBallTrackingiOS;
			productReference = F70FEB471D14AEBB00F4A5EC /* RedBallTrackingiOS.app */;
			productType = "com.apple.product-type.application";
		};
/* End PBXNativeTarget section */

/* Begin PBXProject section */
		F70FEB3F1D14AEBB00F4A5EC /* Project object */ = {
			isa = PBXProject;
			attributes = {
				LastSwiftUpdateCheck = 0730;
				LastUpgradeCheck = 0800;
				ORGANIZATIONNAME = EExT;
				TargetAttributes = {
					F70FEB461D14AEBB00F4A5EC = {
						CreatedOnToolsVersion = 7.3.1;
						DevelopmentTeam = 2WN8Z4EKKL;
						LastSwiftMigration = 0800;
					};
				};
			};
			buildConfigurationList = F70FEB421D14AEBB00F4A5EC /* Build configuration list for PBXProject "RedBallTrackingiOS" */;
			compatibilityVersion = "Xcode 3.2";
			developmentRegion = English;
			hasScannedForEncodings = 0;
			knownRegions = (
				en,
				Base,
			);
			mainGroup = F70FEB3E1D14AEBB00F4A5EC;
			productRefGroup = F70FEB481D14AEBB00F4A5EC /* Products */;
			projectDirPath = "";
			projectRoot = "";
			targets = (
				F70FEB461D14AEBB00F4A5EC /* RedBallTrackingiOS */,
			);
		};
/* End PBXProject section */

/* Begin PBXResourcesBuildPhase section */
		F70FEB451D14AEBB00F4A5EC /* Resources */ = {
			isa = PBXResourcesBuildPhase;
			buildActionMask = 2147483647;
			files = (
				031E58411D22245900E748F6 /* LICENSE.txt in Resources */,
				F70FEB551D14AEBB00F4A5EC /* LaunchScreen.storyboard in Resources */,
				F775720A1D1506E7001D0E21 /* lena.jpg in Resources */,
				F77DC0951D14D37C003CEBC7 /* coloredBalls.jpg in Resources */,
				F70FEB521D14AEBB00F4A5EC /* Assets.xcassets in Resources */,
				F70FEB501D14AEBB00F4A5EC /* Main.storyboard in Resources */,
			);
			runOnlyForDeploymentPostprocessing = 0;
		};
/* End PBXResourcesBuildPhase section */

/* Begin PBXShellScriptBuildPhase section */
		8AFB6C6272D99AF6600C1DEC /* [CP] Copy Pods Resources */ = {
			isa = PBXShellScriptBuildPhase;
			buildActionMask = 2147483647;
			files = (
			);
			inputPaths = (
			);
			name = "[CP] Copy Pods Resources";
			outputPaths = (
			);
			runOnlyForDeploymentPostprocessing = 0;
			shellPath = /bin/sh;
			shellScript = "\"${SRCROOT}/Pods/Target Support Files/Pods-RedBallTrackingiOS/Pods-RedBallTrackingiOS-resources.sh\"\n";
			showEnvVarsInLog = 0;
		};
		D54A7DECFE327E600615F58F /* [CP] Check Pods Manifest.lock */ = {
			isa = PBXShellScriptBuildPhase;
			buildActionMask = 2147483647;
			files = (
			);
			inputPaths = (
			);
			name = "[CP] Check Pods Manifest.lock";
			outputPaths = (
			);
			runOnlyForDeploymentPostprocessing = 0;
			shellPath = /bin/sh;
			shellScript = "diff \"${PODS_ROOT}/../Podfile.lock\" \"${PODS_ROOT}/Manifest.lock\" > /dev/null\nif [[ $? != 0 ]] ; then\n    cat << EOM\nerror: The sandbox is not in sync with the Podfile.lock. Run 'pod install' or update your CocoaPods installation.\nEOM\n    exit 1\nfi\n";
			showEnvVarsInLog = 0;
		};
		E611FE9AD4FB523C31684241 /* [CP] Embed Pods Frameworks */ = {
			isa = PBXShellScriptBuildPhase;
			buildActionMask = 2147483647;
			files = (
			);
			inputPaths = (
			);
			name = "[CP] Embed Pods Frameworks";
			outputPaths = (
			);
			runOnlyForDeploymentPostprocessing = 0;
			shellPath = /bin/sh;
			shellScript = "\"${SRCROOT}/Pods/Target Support Files/Pods-RedBallTrackingiOS/Pods-RedBallTrackingiOS-frameworks.sh\"\n";
			showEnvVarsInLog = 0;
		};
/* End PBXShellScriptBuildPhase section */

/* Begin PBXSourcesBuildPhase section */
		F70FEB431D14AEBB00F4A5EC /* Sources */ = {
			isa = PBXSourcesBuildPhase;
			buildActionMask = 2147483647;
			files = (
				F70FEB4D1D14AEBB00F4A5EC /* ViewController.swift in Sources */,
				031E583D1D22245900E748F6 /* F53OSCSocket.m in Sources */,
				F70FEB4B1D14AEBB00F4A5EC /* AppDelegate.swift in Sources */,
				031E58371D22245900E748F6 /* F53OSCBundle.m in Sources */,
				031E58381D22245900E748F6 /* F53OSCClient.m in Sources */,
				031E583F1D22245900E748F6 /* GCDAsyncSocket.m in Sources */,
				031E583B1D22245900E748F6 /* F53OSCParser.m in Sources */,
				031E583C1D22245900E748F6 /* F53OSCServer.m in Sources */,
				031E583A1D22245900E748F6 /* F53OSCPacket.m in Sources */,
				031E583E1D22245900E748F6 /* F53OSCTimeTag.m in Sources */,
				031E58401D22245900E748F6 /* GCDAsyncUdpSocket.m in Sources */,
				F794D5381D19685D004B0CDE /* CommHandler.swift in Sources */,
				F7591BD71D196E9F0042F262 /* DesignableButton.swift in Sources */,
				F77572081D14E71D001D0E21 /* VideoHandler.mm in Sources */,
				031E58471D22245A00E748F6 /* README.markdown in Sources */,
				031E58441D22245900E748F6 /* NSDate+F53OSCTimeTag.m in Sources */,
				F7DA3AE01D14B377002ED65D /* UIImage+OpenCV.mm in Sources */,
				031E58461D22245A00E748F6 /* NSString+F53OSCString.m in Sources */,
				031E58421D22245900E748F6 /* MetatoneNetworkManager.m in Sources */,
				F7DA3ADB1D14B18A002ED65D /* OpenCVWrapper.mm in Sources */,
				031E58391D22245900E748F6 /* F53OSCMessage.m in Sources */,
				031E58431D22245900E748F6 /* NSData+F53OSCBlob.m in Sources */,
				F78AB2991D151D2500853C7A /* SettingsViewController.swift in Sources */,
				031E58451D22245900E748F6 /* NSNumber+F53OSCNumber.m in Sources */,
			);
			runOnlyForDeploymentPostprocessing = 0;
		};
/* End PBXSourcesBuildPhase section */

/* Begin PBXVariantGroup section */
		F70FEB4E1D14AEBB00F4A5EC /* Main.storyboard */ = {
			isa = PBXVariantGroup;
			children = (
				F70FEB4F1D14AEBB00F4A5EC /* Base */,
			);
			name = Main.storyboard;
			sourceTree = "<group>";
		};
		F70FEB531D14AEBB00F4A5EC /* LaunchScreen.storyboard */ = {
			isa = PBXVariantGroup;
			children = (
				F70FEB541D14AEBB00F4A5EC /* Base */,
			);
			name = LaunchScreen.storyboard;
			sourceTree = "<group>";
		};
/* End PBXVariantGroup section */

/* Begin XCBuildConfiguration section */
		F70FEB621D14AEBB00F4A5EC /* Debug */ = {
			isa = XCBuildConfiguration;
			buildSettings = {
				ALWAYS_SEARCH_USER_PATHS = NO;
				CLANG_ANALYZER_NONNULL = YES;
				CLANG_CXX_LANGUAGE_STANDARD = "gnu++0x";
				CLANG_CXX_LIBRARY = "libc++";
				CLANG_ENABLE_MODULES = YES;
				CLANG_ENABLE_OBJC_ARC = YES;
				CLANG_WARN_BOOL_CONVERSION = YES;
				CLANG_WARN_CONSTANT_CONVERSION = YES;
				CLANG_WARN_DIRECT_OBJC_ISA_USAGE = YES_ERROR;
				CLANG_WARN_EMPTY_BODY = YES;
				CLANG_WARN_ENUM_CONVERSION = YES;
				CLANG_WARN_INFINITE_RECURSION = YES;
				CLANG_WARN_INT_CONVERSION = YES;
				CLANG_WARN_OBJC_ROOT_CLASS = YES_ERROR;
				CLANG_WARN_SUSPICIOUS_MOVE = YES;
				CLANG_WARN_UNREACHABLE_CODE = YES;
				CLANG_WARN__DUPLICATE_METHOD_MATCH = YES;
				"CODE_SIGN_IDENTITY[sdk=iphoneos*]" = "iPhone Developer";
				COPY_PHASE_STRIP = NO;
				DEBUG_INFORMATION_FORMAT = dwarf;
				ENABLE_STRICT_OBJC_MSGSEND = YES;
				ENABLE_TESTABILITY = YES;
				GCC_C_LANGUAGE_STANDARD = gnu99;
				GCC_DYNAMIC_NO_PIC = NO;
				GCC_NO_COMMON_BLOCKS = YES;
				GCC_OPTIMIZATION_LEVEL = 0;
				GCC_PREPROCESSOR_DEFINITIONS = (
					"DEBUG=1",
					"$(inherited)",
				);
				GCC_WARN_64_TO_32_BIT_CONVERSION = YES;
				GCC_WARN_ABOUT_RETURN_TYPE = YES_ERROR;
				GCC_WARN_UNDECLARED_SELECTOR = YES;
				GCC_WARN_UNINITIALIZED_AUTOS = YES_AGGRESSIVE;
				GCC_WARN_UNUSED_FUNCTION = YES;
				GCC_WARN_UNUSED_VARIABLE = YES;
				IPHONEOS_DEPLOYMENT_TARGET = 9.3;
				MTL_ENABLE_DEBUG_INFO = YES;
				ONLY_ACTIVE_ARCH = YES;
				SDKROOT = iphoneos;
				SWIFT_OPTIMIZATION_LEVEL = "-Onone";
				TARGETED_DEVICE_FAMILY = "1,2";
			};
			name = Debug;
		};
		F70FEB631D14AEBB00F4A5EC /* Release */ = {
			isa = XCBuildConfiguration;
			buildSettings = {
				ALWAYS_SEARCH_USER_PATHS = NO;
				CLANG_ANALYZER_NONNULL = YES;
				CLANG_CXX_LANGUAGE_STANDARD = "gnu++0x";
				CLANG_CXX_LIBRARY = "libc++";
				CLANG_ENABLE_MODULES = YES;
				CLANG_ENABLE_OBJC_ARC = YES;
				CLANG_WARN_BOOL_CONVERSION = YES;
				CLANG_WARN_CONSTANT_CONVERSION = YES;
				CLANG_WARN_DIRECT_OBJC_ISA_USAGE = YES_ERROR;
				CLANG_WARN_EMPTY_BODY = YES;
				CLANG_WARN_ENUM_CONVERSION = YES;
				CLANG_WARN_INFINITE_RECURSION = YES;
				CLANG_WARN_INT_CONVERSION = YES;
				CLANG_WARN_OBJC_ROOT_CLASS = YES_ERROR;
				CLANG_WARN_SUSPICIOUS_MOVE = YES;
				CLANG_WARN_UNREACHABLE_CODE = YES;
				CLANG_WARN__DUPLICATE_METHOD_MATCH = YES;
				"CODE_SIGN_IDENTITY[sdk=iphoneos*]" = "iPhone Developer";
				COPY_PHASE_STRIP = NO;
				DEBUG_INFORMATION_FORMAT = "dwarf-with-dsym";
				ENABLE_NS_ASSERTIONS = NO;
				ENABLE_STRICT_OBJC_MSGSEND = YES;
				GCC_C_LANGUAGE_STANDARD = gnu99;
				GCC_NO_COMMON_BLOCKS = YES;
				GCC_WARN_64_TO_32_BIT_CONVERSION = YES;
				GCC_WARN_ABOUT_RETURN_TYPE = YES_ERROR;
				GCC_WARN_UNDECLARED_SELECTOR = YES;
				GCC_WARN_UNINITIALIZED_AUTOS = YES_AGGRESSIVE;
				GCC_WARN_UNUSED_FUNCTION = YES;
				GCC_WARN_UNUSED_VARIABLE = YES;
				IPHONEOS_DEPLOYMENT_TARGET = 9.3;
				MTL_ENABLE_DEBUG_INFO = NO;
				SDKROOT = iphoneos;
				SWIFT_OPTIMIZATION_LEVEL = "-Owholemodule";
				TARGETED_DEVICE_FAMILY = "1,2";
				VALIDATE_PRODUCT = YES;
			};
			name = Release;
		};
		F70FEB651D14AEBB00F4A5EC /* Debug */ = {
			isa = XCBuildConfiguration;
			baseConfigurationReference = 8B431CD53324D468268DEFED /* Pods-RedBallTrackingiOS.debug.xcconfig */;
			buildSettings = {
				ASSETCATALOG_COMPILER_APPICON_NAME = AppIcon;
				CLANG_ENABLE_MODULES = YES;
				CODE_SIGN_IDENTITY = "iPhone Developer";
				"CODE_SIGN_IDENTITY[sdk=iphoneos*]" = "iPhone Developer";
				ENABLE_BITCODE = NO;
				INFOPLIST_FILE = RedBallTrackingiOS/Info.plist;
				LD_RUNPATH_SEARCH_PATHS = "$(inherited) @executable_path/Frameworks";
				PRODUCT_BUNDLE_IDENTIFIER = com.SumitomoHeavyIndustiresLtd..RedBallTrackingiOS;
				PRODUCT_NAME = "$(TARGET_NAME)";
				PROVISIONING_PROFILE = "";
				SWIFT_OBJC_BRIDGING_HEADER = "RedBallTrackingiOS-Bridging-Header.h";
				SWIFT_OPTIMIZATION_LEVEL = "-Onone";
				SWIFT_VERSION = 3.0;
			};
			name = Debug;
		};
		F70FEB661D14AEBB00F4A5EC /* Release */ = {
			isa = XCBuildConfiguration;
			baseConfigurationReference = BCA292DF1D28613FC5936D8C /* Pods-RedBallTrackingiOS.release.xcconfig */;
			buildSettings = {
				ASSETCATALOG_COMPILER_APPICON_NAME = AppIcon;
				CLANG_ENABLE_MODULES = YES;
				CODE_SIGN_IDENTITY = "iPhone Developer";
				"CODE_SIGN_IDENTITY[sdk=iphoneos*]" = "iPhone Developer";
				ENABLE_BITCODE = NO;
				INFOPLIST_FILE = RedBallTrackingiOS/Info.plist;
				LD_RUNPATH_SEARCH_PATHS = "$(inherited) @executable_path/Frameworks";
				PRODUCT_BUNDLE_IDENTIFIER = com.SumitomoHeavyIndustiresLtd..RedBallTrackingiOS;
				PRODUCT_NAME = "$(TARGET_NAME)";
				PROVISIONING_PROFILE = "";
				SWIFT_OBJC_BRIDGING_HEADER = "RedBallTrackingiOS-Bridging-Header.h";
				SWIFT_VERSION = 3.0;
			};
			name = Release;
		};
/* End XCBuildConfiguration section */

/* Begin XCConfigurationList section */
		F70FEB421D14AEBB00F4A5EC /* Build configuration list for PBXProject "RedBallTrackingiOS" */ = {
			isa = XCConfigurationList;
			buildConfigurations = (
				F70FEB621D14AEBB00F4A5EC /* Debug */,
				F70FEB631D14AEBB00F4A5EC /* Release */,
			);
			defaultConfigurationIsVisible = 0;
			defaultConfigurationName = Release;
		};
		F70FEB641D14AEBB00F4A5EC /* Build configuration list for PBXNativeTarget "RedBallTrackingiOS" */ = {
			isa = XCConfigurationList;
			buildConfigurations = (
				F70FEB651D14AEBB00F4A5EC /* Debug */,
				F70FEB661D14AEBB00F4A5EC /* Release */,
			);
			defaultConfigurationIsVisible = 0;
			defaultConfigurationName = Release;
		};
/* End XCConfigurationList section */
	};
	rootObject = F70FEB3F1D14AEBB00F4A5EC /* Project object */;
}
